
Microsoft Visual Studio Solution File, Format Version 12.00
# Visual Studio Version 17
VisualStudioVersion = 17.0.31903.59
MinimumVisualStudioVersion = 10.0.40219.1
Project("{2150E333-8FDC-42A3-9474-1A3956D46DE8}") = "src", "src", "{024F58BF-5C35-48FE-8A5F-801414D88BD2}"
EndProject
Project("{FAE04EC0-301F-11D3-BF4B-00C04F79EFBC}") = "LX.App", "src\LX.App\LX.App.csproj", "{122F0A42-C865-47CC-92D4-FB482955E915}"
EndProject
Project("{FAE04EC0-301F-11D3-BF4B-00C04F79EFBC}") = "LX.Audio.Core", "src\LX.Audio.Core\LX.Audio.Core.csproj", "{E6A37A6C-5C50-4D30-A749-1B7EE1956B00}"
EndProject
Project("{FAE04EC0-301F-11D3-BF4B-00C04F79EFBC}") = "LX.AudioSwitch", "src\LX.AudioSwitch\LX.AudioSwitch.csproj", "{ED5CE1ED-395F-401F-A223-EC226F9B8B32}"
EndProject
Project("{FAE04EC0-301F-11D3-BF4B-00C04F79EFBC}") = "LX.Core", "src\LX.Core\LX.Core.csproj", "{BA24842C-D3C7-417D-92C9-5EFCC2A7DA02}"
EndProject
Project("{FAE04EC0-301F-11D3-BF4B-00C04F79EFBC}") = "LX.Module.Sdk", "src\LX.Module.Sdk\LX.Module.Sdk.csproj", "{A147F85E-44F5-4974-B02F-6C4D95620529}"
EndProject
Project("{FAE04EC0-301F-11D3-BF4B-00C04F79EFBC}") = "LX.Monitor.Core", "src\LX.Monitor.Core\LX.Monitor.Core.csproj", "{963D87F1-3995-443C-9B5A-E0354316A4DC}"
EndProject
Project("{FAE04EC0-301F-11D3-BF4B-00C04F79EFBC}") = "LX.Monitor", "src\LX.Monitor\LX.Monitor.csproj", "{1F21BF11-2DAE-4269-8902-F07FA03257A1}"
EndProject
Project("{FAE04EC0-301F-11D3-BF4B-00C04F79EFBC}") = "LX.Ui", "src\LX.Ui\LX.Ui.csproj", "{393D2CB4-3663-4A4B-9FA8-DC41A82C8DBA}"
EndProject
Project("{2150E333-8FDC-42A3-9474-1A3956D46DE8}") = "tests", "tests", "{E666C4B1-0509-41B4-9E26-99FE9B6D3868}"
EndProject
Project("{FAE04EC0-301F-11D3-BF4B-00C04F79EFBC}") = "LX.Core.Tests", "tests\LX.Core.Tests\LX.Core.Tests.csproj", "{742911F8-0F4F-477A-A5A2-C68D6A448836}"
EndProject
Project("{FAE04EC0-301F-11D3-BF4B-00C04F79EFBC}") = "LX.Monitor.Core.Tests", "tests\LX.Monitor.Core.Tests\LX.Monitor.Core.Tests.csproj", "{64B29A4E-7218-4509-A2FB-D599A40E00B0}"
EndProject
Global
	GlobalSection(SolutionConfigurationPlatforms) = preSolution
		Debug|Any CPU = Debug|Any CPU
		Release|Any CPU = Release|Any CPU
	EndGlobalSection
	GlobalSection(SolutionProperties) = preSolution
		HideSolutionNode = FALSE
	EndGlobalSection
	GlobalSection(ProjectConfigurationPlatforms) = postSolution
		{122F0A42-C865-47CC-92D4-FB482955E915}.Debug|Any CPU.ActiveCfg = Debug|Any CPU
		{122F0A42-C865-47CC-92D4-FB482955E915}.Debug|Any CPU.Build.0 = Debug|Any CPU
		{122F0A42-C865-47CC-92D4-FB482955E915}.Release|Any CPU.ActiveCfg = Release|Any CPU
		{122F0A42-C865-47CC-92D4-FB482955E915}.Release|Any CPU.Build.0 = Release|Any CPU
		{E6A37A6C-5C50-4D30-A749-1B7EE1956B00}.Debug|Any CPU.ActiveCfg = Debug|Any CPU
		{E6A37A6C-5C50-4D30-A749-1B7EE1956B00}.Debug|Any CPU.Build.0 = Debug|Any CPU
		{E6A37A6C-5C50-4D30-A749-1B7EE1956B00}.Release|Any CPU.ActiveCfg = Release|Any CPU
		{E6A37A6C-5C50-4D30-A749-1B7EE1956B00}.Release|Any CPU.Build.0 = Release|Any CPU
		{ED5CE1ED-395F-401F-A223-EC226F9B8B32}.Debug|Any CPU.ActiveCfg = Debug|Any CPU
		{ED5CE1ED-395F-401F-A223-EC226F9B8B32}.Debug|Any CPU.Build.0 = Debug|Any CPU
		{ED5CE1ED-395F-401F-A223-EC226F9B8B32}.Release|Any CPU.ActiveCfg = Release|Any CPU
		{ED5CE1ED-395F-401F-A223-EC226F9B8B32}.Release|Any CPU.Build.0 = Release|Any CPU
		{BA24842C-D3C7-417D-92C9-5EFCC2A7DA02}.Debug|Any CPU.ActiveCfg = Debug|Any CPU
		{BA24842C-D3C7-417D-92C9-5EFCC2A7DA02}.Debug|Any CPU.Build.0 = Debug|Any CPU
		{BA24842C-D3C7-417D-92C9-5EFCC2A7DA02}.Release|Any CPU.ActiveCfg = Release|Any CPU
		{BA24842C-D3C7-417D-92C9-5EFCC2A7DA02}.Release|Any CPU.Build.0 = Release|Any CPU
		{A147F85E-44F5-4974-B02F-6C4D95620529}.Debug|Any CPU.ActiveCfg = Debug|Any CPU
		{A147F85E-44F5-4974-B02F-6C4D95620529}.Debug|Any CPU.Build.0 = Debug|Any CPU
		{A147F85E-44F5-4974-B02F-6C4D95620529}.Release|Any CPU.ActiveCfg = Release|Any CPU
		{A147F85E-44F5-4974-B02F-6C4D95620529}.Release|Any CPU.Build.0 = Release|Any CPU
		{963D87F1-3995-443C-9B5A-E0354316A4DC}.Debug|Any CPU.ActiveCfg = Debug|Any CPU
		{963D87F1-3995-443C-9B5A-E0354316A4DC}.Debug|Any CPU.Build.0 = Debug|Any CPU
		{963D87F1-3995-443C-9B5A-E0354316A4DC}.Release|Any CPU.ActiveCfg = Release|Any CPU
		{963D87F1-3995-443C-9B5A-E0354316A4DC}.Release|Any CPU.Build.0 = Release|Any CPU
		{1F21BF11-2DAE-4269-8902-F07FA03257A1}.Debug|Any CPU.ActiveCfg = Debug|Any CPU
		{1F21BF11-2DAE-4269-8902-F07FA03257A1}.Debug|Any CPU.Build.0 = Debug|Any CPU
		{1F21BF11-2DAE-4269-8902-F07FA03257A1}.Release|Any CPU.ActiveCfg = Release|Any CPU
		{1F21BF11-2DAE-4269-8902-F07FA03257A1}.Release|Any CPU.Build.0 = Release|Any CPU
		{393D2CB4-3663-4A4B-9FA8-DC41A82C8DBA}.Debug|Any CPU.ActiveCfg = Debug|Any CPU
		{393D2CB4-3663-4A4B-9FA8-DC41A82C8DBA}.Debug|Any CPU.Build.0 = Debug|Any CPU
		{393D2CB4-3663-4A4B-9FA8-DC41A82C8DBA}.Release|Any CPU.ActiveCfg = Release|Any CPU
		{393D2CB4-3663-4A4B-9FA8-DC41A82C8DBA}.Release|Any CPU.Build.0 = Release|Any CPU
		{742911F8-0F4F-477A-A5A2-C68D6A448836}.Debug|Any CPU.ActiveCfg = Debug|Any CPU
		{742911F8-0F4F-477A-A5A2-C68D6A448836}.Debug|Any CPU.Build.0 = Debug|Any CPU
		{742911F8-0F4F-477A-A5A2-C68D6A448836}.Release|Any CPU.ActiveCfg = Release|Any CPU
		{742911F8-0F4F-477A-A5A2-C68D6A448836}.Release|Any CPU.Build.0 = Release|Any CPU
		{64B29A4E-7218-4509-A2FB-D599A40E00B0}.Debug|Any CPU.ActiveCfg = Debug|Any CPU
		{64B29A4E-7218-4509-A2FB-D599A40E00B0}.Debug|Any CPU.Build.0 = Debug|Any CPU
		{64B29A4E-7218-4509-A2FB-D599A40E00B0}.Release|Any CPU.ActiveCfg = Release|Any CPU
		{64B29A4E-7218-4509-A2FB-D599A40E00B0}.Release|Any CPU.Build.0 = Release|Any CPU
	EndGlobalSection
	GlobalSection(NestedProjects) = preSolution
		{122F0A42-C865-47CC-92D4-FB482955E915} = {024F58BF-5C35-48FE-8A5F-801414D88BD2}
		{E6A37A6C-5C50-4D30-A749-1B7EE1956B00} = {024F58BF-5C35-48FE-8A5F-801414D88BD2}
		{ED5CE1ED-395F-401F-A223-EC226F9B8B32} = {024F58BF-5C35-48FE-8A5F-801414D88BD2}
		{BA24842C-D3C7-417D-92C9-5EFCC2A7DA02} = {024F58BF-5C35-48FE-8A5F-801414D88BD2}
		{A147F85E-44F5-4974-B02F-6C4D95620529} = {024F58BF-5C35-48FE-8A5F-801414D88BD2}
		{963D87F1-3995-443C-9B5A-E0354316A4DC} = {024F58BF-5C35-48FE-8A5F-801414D88BD2}
		{1F21BF11-2DAE-4269-8902-F07FA03257A1} = {024F58BF-5C35-48FE-8A5F-801414D88BD2}
		{393D2CB4-3663-4A4B-9FA8-DC41A82C8DBA} = {024F58BF-5C35-48FE-8A5F-801414D88BD2}
		{742911F8-0F4F-477A-A5A2-C68D6A448836} = {E666C4B1-0509-41B4-9E26-99FE9B6D3868}
		{64B29A4E-7218-4509-A2FB-D599A40E00B0} = {E666C4B1-0509-41B4-9E26-99FE9B6D3868}
	EndGlobalSection
EndGlobal
